
Microsoft Visual Studio Solution File, Format Version 12.00
# Visual Studio Version 17
VisualStudioVersion = 17.9.34728.123
MinimumVisualStudioVersion = 10.0.40219.1
Project("{9A19103F-16F7-4668-BE54-9A1E7A4F7556}") = "BF2Statistics", "BF2Statistics\BF2Statistics.csproj", "{C451E96C-EEFA-4AAF-8084-4AF115FC1C4B}"
EndProject
Project("{6141683F-8A12-4E36-9623-2EB02B2C2303}") = "SetupWizard", "SetupWizard\SetupWizard.isproj", "{01CA1208-A87F-4103-9F8D-2B9C1F8C53C8}"
EndProject
Global
	GlobalSection(SolutionConfigurationPlatforms) = preSolution
		CD_ROM|Any CPU = CD_ROM|Any CPU
		Debug|Any CPU = Debug|Any CPU
		DVD-5|Any CPU = DVD-5|Any CPU
		Release|Any CPU = Release|Any CPU
		SingleImage|Any CPU = SingleImage|Any CPU
	EndGlobalSection
	GlobalSection(ProjectConfigurationPlatforms) = postSolution
		{C451E96C-EEFA-4AAF-8084-4AF115FC1C4B}.CD_ROM|Any CPU.ActiveCfg = Release|Any CPU
		{C451E96C-EEFA-4AAF-8084-4AF115FC1C4B}.CD_ROM|Any CPU.Build.0 = Release|Any CPU
		{C451E96C-EEFA-4AAF-8084-4AF115FC1C4B}.Debug|Any CPU.ActiveCfg = Debug|Any CPU
		{C451E96C-EEFA-4AAF-8084-4AF115FC1C4B}.Debug|Any CPU.Build.0 = Debug|Any CPU
		{C451E96C-EEFA-4AAF-8084-4AF115FC1C4B}.DVD-5|Any CPU.ActiveCfg = Debug|Any CPU
		{C451E96C-EEFA-4AAF-8084-4AF115FC1C4B}.DVD-5|Any CPU.Build.0 = Debug|Any CPU
		{C451E96C-EEFA-4AAF-8084-4AF115FC1C4B}.Release|Any CPU.ActiveCfg = Release|Any CPU
		{C451E96C-EEFA-4AAF-8084-4AF115FC1C4B}.Release|Any CPU.Build.0 = Release|Any CPU
		{C451E96C-EEFA-4AAF-8084-4AF115FC1C4B}.SingleImage|Any CPU.ActiveCfg = Release|Any CPU
		{C451E96C-EEFA-4AAF-8084-4AF115FC1C4B}.SingleImage|Any CPU.Build.0 = Release|Any CPU
		{01CA1208-A87F-4103-9F8D-2B9C1F8C53C8}.CD_ROM|Any CPU.ActiveCfg = CD_ROM
		{01CA1208-A87F-4103-9F8D-2B9C1F8C53C8}.Debug|Any CPU.ActiveCfg = DVD-5
		{01CA1208-A87F-4103-9F8D-2B9C1F8C53C8}.DVD-5|Any CPU.ActiveCfg = DVD-5
		{01CA1208-A87F-4103-9F8D-2B9C1F8C53C8}.Release|Any CPU.ActiveCfg = SingleImage
		{01CA1208-A87F-4103-9F8D-2B9C1F8C53C8}.SingleImage|Any CPU.ActiveCfg = SingleImage
	EndGlobalSection
	GlobalSection(SolutionProperties) = preSolution
		HideSolutionNode = FALSE
	EndGlobalSection
	GlobalSection(ExtensibilityGlobals) = postSolution
		SolutionGuid = {6C55F380-A4E7-4EA4-A945-AF14FEC7B883}
	EndGlobalSection
EndGlobal
